
Microsoft Visual Studio Solution File, Format Version 12.00
# Visual Studio Version 17
VisualStudioVersion = 17.6.33801.468
MinimumVisualStudioVersion = 10.0.40219.1
Project("{FAE04EC0-301F-11D3-BF4B-00C04F79EFBC}") = "UserMaintence", "UserMaintence\UserMaintence.csproj", "{99784427-D80E-46FC-89BC-07AEDC98ED7D}"
EndProject
Project("{FAE04EC0-301F-11D3-BF4B-00C04F79EFBC}") = "week05", "week05\week05.csproj", "{1B5BCB0C-5046-4777-B0C6-200A3D0964B8}"
EndProject
Project("{FAE04EC0-301F-11D3-BF4B-00C04F79EFBC}") = "Excel", "Excel\Excel.csproj", "{2D17CBC3-7D72-4619-99CF-4323D9D119A1}"
EndProject
Project("{FAE04EC0-301F-11D3-BF4B-00C04F79EFBC}") = "week06", "week06\week06.csproj", "{246D3204-C2D1-47D8-ABE9-D023A2BFDC22}"
EndProject
Project("{FAE04EC0-301F-11D3-BF4B-00C04F79EFBC}") = "week07", "week07\week07.csproj", "{F78FBEE3-AA42-4342-A1B8-D8526B4618F3}"
EndProject
Project("{FAE04EC0-301F-11D3-BF4B-00C04F79EFBC}") = "UnitTestExample", "UnitTestExample\UnitTestExample.csproj", "{F1FBDBB6-FEBA-421B-A647-484ED380E500}"
EndProject
Project("{FAE04EC0-301F-11D3-BF4B-00C04F79EFBC}") = "UnitTestExample.Test", "UnitTestExample.Test\UnitTestExample.Test.csproj", "{81843EE2-4A48-444D-808E-76F13BBAC2F1}"
EndProject
Project("{FAE04EC0-301F-11D3-BF4B-00C04F79EFBC}") = "week09", "week09\week09.csproj", "{19C73B60-63EB-48EB-8E22-C640FA338315}"
EndProject
Project("{FAE04EC0-301F-11D3-BF4B-00C04F79EFBC}") = "week10", "week10\week10.csproj", "{A2FA96C8-61CB-487D-9B12-2B46D2E5D18C}"
EndProject
Global
	GlobalSection(SolutionConfigurationPlatforms) = preSolution
		Debug|Any CPU = Debug|Any CPU
		Release|Any CPU = Release|Any CPU
	EndGlobalSection
	GlobalSection(ProjectConfigurationPlatforms) = postSolution
		{99784427-D80E-46FC-89BC-07AEDC98ED7D}.Debug|Any CPU.ActiveCfg = Debug|Any CPU
		{99784427-D80E-46FC-89BC-07AEDC98ED7D}.Debug|Any CPU.Build.0 = Debug|Any CPU
		{99784427-D80E-46FC-89BC-07AEDC98ED7D}.Release|Any CPU.ActiveCfg = Release|Any CPU
		{99784427-D80E-46FC-89BC-07AEDC98ED7D}.Release|Any CPU.Build.0 = Release|Any CPU
		{1B5BCB0C-5046-4777-B0C6-200A3D0964B8}.Debug|Any CPU.ActiveCfg = Debug|Any CPU
		{1B5BCB0C-5046-4777-B0C6-200A3D0964B8}.Debug|Any CPU.Build.0 = Debug|Any CPU
		{1B5BCB0C-5046-4777-B0C6-200A3D0964B8}.Release|Any CPU.ActiveCfg = Release|Any CPU
		{1B5BCB0C-5046-4777-B0C6-200A3D0964B8}.Release|Any CPU.Build.0 = Release|Any CPU
		{2D17CBC3-7D72-4619-99CF-4323D9D119A1}.Debug|Any CPU.ActiveCfg = Debug|Any CPU
		{2D17CBC3-7D72-4619-99CF-4323D9D119A1}.Debug|Any CPU.Build.0 = Debug|Any CPU
		{2D17CBC3-7D72-4619-99CF-4323D9D119A1}.Release|Any CPU.ActiveCfg = Release|Any CPU
		{2D17CBC3-7D72-4619-99CF-4323D9D119A1}.Release|Any CPU.Build.0 = Release|Any CPU
		{246D3204-C2D1-47D8-ABE9-D023A2BFDC22}.Debug|Any CPU.ActiveCfg = Debug|Any CPU
		{246D3204-C2D1-47D8-ABE9-D023A2BFDC22}.Debug|Any CPU.Build.0 = Debug|Any CPU
		{246D3204-C2D1-47D8-ABE9-D023A2BFDC22}.Release|Any CPU.ActiveCfg = Release|Any CPU
		{246D3204-C2D1-47D8-ABE9-D023A2BFDC22}.Release|Any CPU.Build.0 = Release|Any CPU
		{F78FBEE3-AA42-4342-A1B8-D8526B4618F3}.Debug|Any CPU.ActiveCfg = Debug|Any CPU
		{F78FBEE3-AA42-4342-A1B8-D8526B4618F3}.Debug|Any CPU.Build.0 = Debug|Any CPU
		{F78FBEE3-AA42-4342-A1B8-D8526B4618F3}.Release|Any CPU.ActiveCfg = Release|Any CPU
		{F78FBEE3-AA42-4342-A1B8-D8526B4618F3}.Release|Any CPU.Build.0 = Release|Any CPU
		{F1FBDBB6-FEBA-421B-A647-484ED380E500}.Debug|Any CPU.ActiveCfg = Debug|Any CPU
		{F1FBDBB6-FEBA-421B-A647-484ED380E500}.Debug|Any CPU.Build.0 = Debug|Any CPU
		{F1FBDBB6-FEBA-421B-A647-484ED380E500}.Release|Any CPU.ActiveCfg = Release|Any CPU
		{F1FBDBB6-FEBA-421B-A647-484ED380E500}.Release|Any CPU.Build.0 = Release|Any CPU
		{81843EE2-4A48-444D-808E-76F13BBAC2F1}.Debug|Any CPU.ActiveCfg = Debug|Any CPU
		{81843EE2-4A48-444D-808E-76F13BBAC2F1}.Debug|Any CPU.Build.0 = Debug|Any CPU
		{81843EE2-4A48-444D-808E-76F13BBAC2F1}.Release|Any CPU.ActiveCfg = Release|Any CPU
		{81843EE2-4A48-444D-808E-76F13BBAC2F1}.Release|Any CPU.Build.0 = Release|Any CPU
		{19C73B60-63EB-48EB-8E22-C640FA338315}.Debug|Any CPU.ActiveCfg = Debug|Any CPU
		{19C73B60-63EB-48EB-8E22-C640FA338315}.Debug|Any CPU.Build.0 = Debug|Any CPU
		{19C73B60-63EB-48EB-8E22-C640FA338315}.Release|Any CPU.ActiveCfg = Release|Any CPU
		{19C73B60-63EB-48EB-8E22-C640FA338315}.Release|Any CPU.Build.0 = Release|Any CPU
		{A2FA96C8-61CB-487D-9B12-2B46D2E5D18C}.Debug|Any CPU.ActiveCfg = Debug|Any CPU
		{A2FA96C8-61CB-487D-9B12-2B46D2E5D18C}.Debug|Any CPU.Build.0 = Debug|Any CPU
		{A2FA96C8-61CB-487D-9B12-2B46D2E5D18C}.Release|Any CPU.ActiveCfg = Release|Any CPU
		{A2FA96C8-61CB-487D-9B12-2B46D2E5D18C}.Release|Any CPU.Build.0 = Release|Any CPU
	EndGlobalSection
	GlobalSection(SolutionProperties) = preSolution
		HideSolutionNode = FALSE
	EndGlobalSection
	GlobalSection(ExtensibilityGlobals) = postSolution
		SolutionGuid = {25F8CEF9-675E-4BF5-88C7-7CB952A57C86}
	EndGlobalSection
EndGlobal
